<?xml version="1.0" encoding="utf-8"?>
<Project ToolsVersion="4.0" xmlns="http://schemas.microsoft.com/developer/msbuild/2003">
  <ItemGroup>
    <Filter Include="Source Files">
      <UniqueIdentifier>{4FC737F1-C7A5-4376-A066-2A32D752A2FF}</UniqueIdentifier>
      <Extensions>cpp;c;cc;cxx;c++;cppm;ixx;def;odl;idl;hpj;bat;asm;asmx</Extensions>
    </Filter>
    <Filter Include="Utils">
      <UniqueIdentifier>{efea45ed-a695-4a85-b599-e70f5e1d62f7}</UniqueIdentifier>
    </Filter>
    <Filter Include="Utils\Logs">
      <UniqueIdentifier>{58d3a12b-44a2-423d-a26d-ab8973a06d81}</UniqueIdentifier>
    </Filter>
    <Filter Include="Utils\Imports">
      <UniqueIdentifier>{6a8c4eff-34fb-40be-8a8a-a0ef644e3871}</UniqueIdentifier>
    </Filter>
    <Filter Include="Utils\General">
      <UniqueIdentifier>{65677134-57af-42e6-b0b2-1d9d6ef27dab}</UniqueIdentifier>
    </Filter>
    <Filter Include="Utils\Input">
      <UniqueIdentifier>{727f53a8-ce77-4246-a18a-abf7edd1940d}</UniqueIdentifier>
    </Filter>
    <Filter Include="Networking">
      <UniqueIdentifier>{ec90a9fa-84f9-481f-adad-52ed99a3da62}</UniqueIdentifier>
    </Filter>
    <Filter Include="Networking\Packets">
      <UniqueIdentifier>{b008996f-dfaf-4919-8614-3c06934fee42}</UniqueIdentifier>
    </Filter>
    <Filter Include="Networking\Client">
      <UniqueIdentifier>{7e17cd43-c471-49d9-9ce9-5f845d19ca8b}</UniqueIdentifier>
    </Filter>
    <Filter Include="Networking\Server">
      <UniqueIdentifier>{f82290aa-aff6-43a1-829a-99d64962e0a5}</UniqueIdentifier>
    </Filter>
    <Filter Include="Networking\Shared">
      <UniqueIdentifier>{5958eb87-f96a-425a-96ff-7f7167ab8074}</UniqueIdentifier>
    </Filter>
    <Filter Include="Networking\Packets\Data">
      <UniqueIdentifier>{bdd54da1-3697-44ab-b148-f2d28ce94418}</UniqueIdentifier>
    </Filter>
    <Filter Include="Networking\Packets\Data\CLIENT_CONNECT">
      <UniqueIdentifier>{b27f1cee-a4b8-42b1-856c-fe72777ea16a}</UniqueIdentifier>
    </Filter>
    <Filter Include="Networking\Shared\FutureResults">
      <UniqueIdentifier>{324580a1-0a1d-46c1-8fcb-99d0e0b48b19}</UniqueIdentifier>
    </Filter>
    <Filter Include="Include">
      <UniqueIdentifier>{046acbdf-b6af-4040-9bd3-a1a99d036df8}</UniqueIdentifier>
    </Filter>
    <Filter Include="Game">
      <UniqueIdentifier>{fb65902f-76d0-4742-93a6-e02813256389}</UniqueIdentifier>
    </Filter>
    <Filter Include="Game\State">
      <UniqueIdentifier>{965506fa-9fe3-4bb6-81a2-71b908739445}</UniqueIdentifier>
    </Filter>
    <Filter Include="Utils\Network">
      <UniqueIdentifier>{ba593b23-82ce-40e7-a31e-a75df026ddc5}</UniqueIdentifier>
    </Filter>
    <Filter Include="Game\State\States">
      <UniqueIdentifier>{bd26d934-4647-4c46-bf13-844ba6b987a6}</UniqueIdentifier>
    </Filter>
    <Filter Include="Game\Event">
      <UniqueIdentifier>{a99f67a4-db13-4fe2-9255-200886bc734d}</UniqueIdentifier>
    </Filter>
    <Filter Include="Game\Event\Events">
      <UniqueIdentifier>{8d20a80d-8ccb-4ba4-b13b-358fd84a1ed2}</UniqueIdentifier>
    </Filter>
    <Filter Include="Networking\Packets\Data\HEARTBEAT">
      <UniqueIdentifier>{3467381a-b964-4282-b5b2-39b18c561d68}</UniqueIdentifier>
    </Filter>
    <Filter Include="Networking\Server\Groups">
      <UniqueIdentifier>{b64b6942-1f7a-41dd-ab55-ffa2e130f2d3}</UniqueIdentifier>
    </Filter>
    <Filter Include="Networking\Client\Groups">
      <UniqueIdentifier>{a7c00330-3636-4296-aba6-78510d38d95d}</UniqueIdentifier>
    </Filter>
    <Filter Include="Networking\Packets\Data\CLIENT_DISCONNECT">
      <UniqueIdentifier>{18d0e4c0-06e8-4896-bd09-516fc216d061}</UniqueIdentifier>
    </Filter>
    <Filter Include="Networking\Packets\Data\WORLD">
      <UniqueIdentifier>{39ba55ab-b190-4067-8f71-198d06809a89}</UniqueIdentifier>
    </Filter>
    <Filter Include="Networking\Packets\Data\CHANGE_STATE">
      <UniqueIdentifier>{9536519b-67d7-4377-ad80-9975b2238c37}</UniqueIdentifier>
    </Filter>
    <Filter Include="Game\World">
      <UniqueIdentifier>{77bb08b1-e06a-4dca-b20c-cfc48e4389ff}</UniqueIdentifier>
    </Filter>
    <Filter Include="Game\World\Objects">
      <UniqueIdentifier>{f1dee687-a85b-4454-a85d-0d13b2fd14d9}</UniqueIdentifier>
    </Filter>
    <Filter Include="Game\World\Entities">
      <UniqueIdentifier>{0243c79c-695e-45d1-b6dc-50a433ee479c}</UniqueIdentifier>
    </Filter>
    <Filter Include="Assets">
      <UniqueIdentifier>{6ca24c84-d668-449e-9cf5-7ef806baeb56}</UniqueIdentifier>
    </Filter>
  </ItemGroup>
  <ItemGroup>
    <ClCompile Include="main.cpp">
      <Filter>Source Files</Filter>
    </ClCompile>
    <ClCompile Include="files\Utils\Imports\enet_wrapper.cpp">
      <Filter>Utils\Imports</Filter>
    </ClCompile>
    <ClCompile Include="files\Utils\Logs\Log.cpp">
      <Filter>Utils\Logs</Filter>
    </ClCompile>
    <ClCompile Include="files\Utils\Logs\LogScope.cpp">
      <Filter>Utils\Logs</Filter>
    </ClCompile>
    <ClCompile Include="files\Utils\Input\Input.cpp">
      <Filter>Utils\Input</Filter>
    </ClCompile>
    <ClCompile Include="files\Networking\Packets\Packet.cpp">
      <Filter>Networking\Packets</Filter>
    </ClCompile>
    <ClCompile Include="files\Networking\Shared\NetPeer.cpp">
      <Filter>Networking\Shared</Filter>
    </ClCompile>
    <ClCompile Include="files\Networking\Client\ClientPeerlist.cpp">
      <Filter>Networking\Client</Filter>
    </ClCompile>
    <ClCompile Include="files\Networking\Packets\PacketData.cpp">
      <Filter>Networking\Packets</Filter>
    </ClCompile>
    <ClCompile Include="files\Networking\Shared\NetworkUser.cpp">
      <Filter>Networking\Shared</Filter>
    </ClCompile>
    <ClCompile Include="files\Networking\Client\Client.cpp">
      <Filter>Networking\Client</Filter>
    </ClCompile>
    <ClCompile Include="files\Networking\Server\ServerPeerlist.cpp">
      <Filter>Networking\Server</Filter>
    </ClCompile>
    <ClCompile Include="files\Networking\Server\Server.cpp">
      <Filter>Networking\Server</Filter>
    </ClCompile>
    <ClCompile Include="files\Game\Game.cpp">
      <Filter>Game</Filter>
    </ClCompile>
    <ClCompile Include="files\Game\States\GameState.cpp">
      <Filter>Game\State</Filter>
    </ClCompile>
    <ClCompile Include="files\Game\States\GameStateManager.cpp">
      <Filter>Game\State</Filter>
    </ClCompile>
    <ClCompile Include="files\Networking\Packets\PacketHelper.cpp">
      <Filter>Networking\Packets</Filter>
    </ClCompile>
    <ClCompile Include="files\Networking\Shared\Protocol.cpp">
      <Filter>Networking\Shared</Filter>
    </ClCompile>
    <ClCompile Include="files\Utils\Network\NetworkHelper.cpp">
      <Filter>Utils\Network</Filter>
    </ClCompile>
    <ClCompile Include="files\Game\States\MainMenu.cpp">
      <Filter>Game\State\States</Filter>
    </ClCompile>
    <ClCompile Include="files\Game\States\Lobby.cpp">
      <Filter>Game\State\States</Filter>
    </ClCompile>
    <ClCompile Include="files\Game\Events\EventList.h">
      <Filter>Game\Event</Filter>
    </ClCompile>
    <ClCompile Include="include\rlImGui.cpp">
      <Filter>Include</Filter>
    </ClCompile>
    <ClCompile Include="files\Networking\Server\Events\SGroup.cpp">
      <Filter>Networking\Server\Groups</Filter>
    </ClCompile>
    <ClCompile Include="files\Networking\Server\Events\SConnectGroup.cpp">
      <Filter>Networking\Server\Groups</Filter>
    </ClCompile>
    <ClCompile Include="files\Networking\Server\Events\SDisconnectGroup.cpp">
      <Filter>Networking\Server\Groups</Filter>
    </ClCompile>
    <ClCompile Include="files\Networking\Client\Groups\CGroup.cpp">
      <Filter>Networking\Client\Groups</Filter>
    </ClCompile>
    <ClCompile Include="files\Networking\Client\Groups\CConnectGroup.cpp">
      <Filter>Networking\Client\Groups</Filter>
    </ClCompile>
    <ClCompile Include="files\Networking\Client\Groups\CDisconnectGroup.cpp">
      <Filter>Networking\Client\Groups</Filter>
    </ClCompile>
    <ClCompile Include="files\Game\States\WorldState.cpp">
      <Filter>Game\State\States</Filter>
    </ClCompile>
    <ClCompile Include="files\Networking\Server\Events\SWorldGroup.cpp">
      <Filter>Networking\Server\Groups</Filter>
    </ClCompile>
    <ClCompile Include="files\Networking\Client\Groups\CWorldGroup.cpp">
      <Filter>Networking\Client\Groups</Filter>
    </ClCompile>
    <ClCompile Include="files\Networking\Client\Groups\CStateGroup.cpp">
      <Filter>Networking\Client\Groups</Filter>
    </ClCompile>
    <ClCompile Include="files\Networking\Server\Events\SStateGroup.cpp">
      <Filter>Networking\Server\Groups</Filter>
    </ClCompile>
    <ClCompile Include="files\Game\World\Entities\Entity.cpp">
      <Filter>Game\World\Entities</Filter>
    </ClCompile>
    <ClCompile Include="files\Game\World\Entities\Player.cpp">
      <Filter>Game\World\Entities</Filter>
    </ClCompile>
  </ItemGroup>
  <ItemGroup>
    <ClInclude Include="files\Utils\Imports\common.h">
      <Filter>Utils\Imports</Filter>
    </ClInclude>
    <ClInclude Include="files\Utils\Imports\enet_wrapper.h">
      <Filter>Utils\Imports</Filter>
    </ClInclude>
    <ClInclude Include="files\Utils\Imports\raylib_wrapper.h">
      <Filter>Utils\Imports</Filter>
    </ClInclude>
    <ClInclude Include="files\Utils\Logs\Log.h">
      <Filter>Utils\Logs</Filter>
    </ClInclude>
    <ClInclude Include="files\Utils\Logs\LogScope.h">
      <Filter>Utils\Logs</Filter>
    </ClInclude>
    <ClInclude Include="files\Utils\General\MathUtils.h">
      <Filter>Utils\General</Filter>
    </ClInclude>
    <ClInclude Include="files\Utils\General\SerializationUtils.h">
      <Filter>Utils\General</Filter>
    </ClInclude>
    <ClInclude Include="files\Utils\General\TimeUtils.h">
      <Filter>Utils\General</Filter>
    </ClInclude>
    <ClInclude Include="files\Utils\General\RenderUtils.h">
      <Filter>Utils\General</Filter>
    </ClInclude>
    <ClInclude Include="files\Utils\Input\Input.h">
      <Filter>Utils\Input</Filter>
    </ClInclude>
    <ClInclude Include="files\Networking\Shared\NetworkUser.h">
      <Filter>Networking\Shared</Filter>
    </ClInclude>
    <ClInclude Include="files\Networking\Packets\Packet.h">
      <Filter>Networking\Packets</Filter>
    </ClInclude>
    <ClInclude Include="files\Networking\Packets\PacketHelper.h">
      <Filter>Networking\Packets</Filter>
    </ClInclude>
    <ClInclude Include="files\Networking\Server\ServerPeerlist.h">
      <Filter>Networking\Server</Filter>
    </ClInclude>
    <ClInclude Include="files\Networking\Client\ClientPeerlist.h">
      <Filter>Networking\Client</Filter>
    </ClInclude>
    <ClInclude Include="files\Networking\Shared\NetPeer.h">
      <Filter>Networking\Shared</Filter>
    </ClInclude>
    <ClInclude Include="files\Networking\Packets\PacketData.h">
      <Filter>Networking\Packets</Filter>
    </ClInclude>
    <ClInclude Include="files\Networking\Packets\Data\ClientConnect.h">
      <Filter>Networking\Packets\Data\CLIENT_CONNECT</Filter>
    </ClInclude>
    <ClInclude Include="files\Networking\Client\Client.h">
      <Filter>Networking\Client</Filter>
    </ClInclude>
    <ClInclude Include="files\Networking\Shared\FutureResults\ConnectResult.h">
      <Filter>Networking\Shared\FutureResults</Filter>
    </ClInclude>
    <ClInclude Include="files\Networking\Server\Server.h">
      <Filter>Networking\Server</Filter>
    </ClInclude>
    <ClInclude Include="files\Networking\Shared\FutureResults\ShutdownResult.h">
      <Filter>Networking\Shared\FutureResults</Filter>
    </ClInclude>
    <ClInclude Include="files\Game\Game.h">
      <Filter>Game</Filter>
    </ClInclude>
    <ClInclude Include="files\Game\States\GameStateManager.h">
      <Filter>Game\State</Filter>
    </ClInclude>
    <ClInclude Include="files\Game\States\GameState.h">
      <Filter>Game\State</Filter>
    </ClInclude>
    <ClInclude Include="files\Networking\Shared\Protocol.h">
      <Filter>Networking\Shared</Filter>
    </ClInclude>
    <ClInclude Include="files\Utils\Network\NetworkHelper.h">
      <Filter>Utils\Network</Filter>
    </ClInclude>
    <ClInclude Include="files\Game\States\MainMenu.h">
      <Filter>Game\State\States</Filter>
    </ClInclude>
    <ClInclude Include="files\Game\States\Lobby.h">
      <Filter>Game\State\States</Filter>
    </ClInclude>
    <ClInclude Include="files\Game\Events\Event.h">
      <Filter>Game\Event</Filter>
    </ClInclude>
    <ClInclude Include="include\RaylibException.hpp">
      <Filter>Include</Filter>
    </ClInclude>
    <ClInclude Include="include\raymath.hpp">
      <Filter>Include</Filter>
    </ClInclude>
    <ClInclude Include="include\Rectangle.hpp">
      <Filter>Include</Filter>
    </ClInclude>
    <ClInclude Include="include\RenderTexture.hpp">
      <Filter>Include</Filter>
    </ClInclude>
    <ClInclude Include="include\rlImGui.h">
      <Filter>Include</Filter>
    </ClInclude>
    <ClInclude Include="include\rlImGuiColors.h">
      <Filter>Include</Filter>
    </ClInclude>
    <ClInclude Include="include\Shader.hpp">
      <Filter>Include</Filter>
    </ClInclude>
    <ClInclude Include="include\ShaderUnmanaged.hpp">
      <Filter>Include</Filter>
    </ClInclude>
    <ClInclude Include="include\Sound.hpp">
      <Filter>Include</Filter>
    </ClInclude>
    <ClInclude Include="include\Text.hpp">
      <Filter>Include</Filter>
    </ClInclude>
    <ClInclude Include="include\Texture.hpp">
      <Filter>Include</Filter>
    </ClInclude>
    <ClInclude Include="include\TextureUnmanaged.hpp">
      <Filter>Include</Filter>
    </ClInclude>
    <ClInclude Include="include\Touch.hpp">
      <Filter>Include</Filter>
    </ClInclude>
    <ClInclude Include="include\Vector2.hpp">
      <Filter>Include</Filter>
    </ClInclude>
    <ClInclude Include="include\Vector3.hpp">
      <Filter>Include</Filter>
    </ClInclude>
    <ClInclude Include="include\Vector4.hpp">
      <Filter>Include</Filter>
    </ClInclude>
    <ClInclude Include="include\VrStereoConfig.hpp">
      <Filter>Include</Filter>
    </ClInclude>
    <ClInclude Include="include\Wave.hpp">
      <Filter>Include</Filter>
    </ClInclude>
    <ClInclude Include="include\Window.hpp">
      <Filter>Include</Filter>
    </ClInclude>
    <ClInclude Include="include\extras\FA6FreeSolidFontData.h">
      <Filter>Include</Filter>
    </ClInclude>
    <ClInclude Include="include\extras\IconsFontAwesome6.h">
      <Filter>Include</Filter>
    </ClInclude>
    <ClInclude Include="include\AudioDevice.hpp">
      <Filter>Include</Filter>
    </ClInclude>
    <ClInclude Include="include\AudioStream.hpp">
      <Filter>Include</Filter>
    </ClInclude>
    <ClInclude Include="include\AutomationEventList.hpp">
      <Filter>Include</Filter>
    </ClInclude>
    <ClInclude Include="include\BoundingBox.hpp">
      <Filter>Include</Filter>
    </ClInclude>
    <ClInclude Include="include\Camera2D.hpp">
      <Filter>Include</Filter>
    </ClInclude>
    <ClInclude Include="include\Camera3D.hpp">
      <Filter>Include</Filter>
    </ClInclude>
    <ClInclude Include="include\Color.hpp">
      <Filter>Include</Filter>
    </ClInclude>
    <ClInclude Include="include\enet.h">
      <Filter>Include</Filter>
    </ClInclude>
    <ClInclude Include="include\FileData.hpp">
      <Filter>Include</Filter>
    </ClInclude>
    <ClInclude Include="include\FileText.hpp">
      <Filter>Include</Filter>
    </ClInclude>
    <ClInclude Include="include\Font.hpp">
      <Filter>Include</Filter>
    </ClInclude>
    <ClInclude Include="include\Functions.hpp">
      <Filter>Include</Filter>
    </ClInclude>
    <ClInclude Include="include\Gamepad.hpp">
      <Filter>Include</Filter>
    </ClInclude>
    <ClInclude Include="include\Image.hpp">
      <Filter>Include</Filter>
    </ClInclude>
    <ClInclude Include="include\imgui_impl_raylib.h">
      <Filter>Include</Filter>
    </ClInclude>
    <ClInclude Include="include\Keyboard.hpp">
      <Filter>Include</Filter>
    </ClInclude>
    <ClInclude Include="include\Material.hpp">
      <Filter>Include</Filter>
    </ClInclude>
    <ClInclude Include="include\Matrix.hpp">
      <Filter>Include</Filter>
    </ClInclude>
    <ClInclude Include="include\Mesh.hpp">
      <Filter>Include</Filter>
    </ClInclude>
    <ClInclude Include="include\MeshUnmanaged.hpp">
      <Filter>Include</Filter>
    </ClInclude>
    <ClInclude Include="include\Model.hpp">
      <Filter>Include</Filter>
    </ClInclude>
    <ClInclude Include="include\ModelAnimation.hpp">
      <Filter>Include</Filter>
    </ClInclude>
    <ClInclude Include="include\Mouse.hpp">
      <Filter>Include</Filter>
    </ClInclude>
    <ClInclude Include="include\Music.hpp">
      <Filter>Include</Filter>
    </ClInclude>
    <ClInclude Include="include\Ray.hpp">
      <Filter>Include</Filter>
    </ClInclude>
    <ClInclude Include="include\RayCollision.hpp">
      <Filter>Include</Filter>
    </ClInclude>
    <ClInclude Include="include\raylib.hpp">
      <Filter>Include</Filter>
    </ClInclude>
    <ClInclude Include="include\raylib-cpp.hpp">
      <Filter>Include</Filter>
    </ClInclude>
    <ClInclude Include="include\raylib-cpp-utils.hpp">
      <Filter>Include</Filter>
    </ClInclude>
    <ClInclude Include="files\Networking\Packets\Data\Heartbeat.h">
      <Filter>Networking\Packets\Data\HEARTBEAT</Filter>
    </ClInclude>
    <ClInclude Include="files\Networking\Server\Events\SGroup.h">
      <Filter>Networking\Server\Groups</Filter>
    </ClInclude>
    <ClInclude Include="files\Networking\Server\Events\SConnectGroup.h">
      <Filter>Networking\Server\Groups</Filter>
    </ClInclude>
    <ClInclude Include="files\Networking\Server\Events\SDisconnectGroup.h">
      <Filter>Networking\Server\Groups</Filter>
    </ClInclude>
    <ClInclude Include="files\Networking\Shared\FutureResults\DisconnectResult.h">
      <Filter>Networking\Shared\FutureResults</Filter>
    </ClInclude>
    <ClInclude Include="files\Networking\Client\Groups\CConnectGroup.h">
      <Filter>Networking\Client\Groups</Filter>
    </ClInclude>
    <ClInclude Include="files\Networking\Client\Groups\CGroup.h">
      <Filter>Networking\Client\Groups</Filter>
    </ClInclude>
    <ClInclude Include="files\Networking\Packets\Data\ClientDisconnect.h">
      <Filter>Networking\Packets\Data\CLIENT_DISCONNECT</Filter>
    </ClInclude>
    <ClInclude Include="files\Networking\Client\Groups\CDisconnectGroup.h">
      <Filter>Networking\Client\Groups</Filter>
    </ClInclude>
    <ClInclude Include="files\Utils\General\RandomUtils.h">
      <Filter>Utils\General</Filter>
    </ClInclude>
    <ClInclude Include="files\Game\States\WorldState.h">
      <Filter>Game\State\States</Filter>
    </ClInclude>
    <ClInclude Include="files\Networking\Server\Events\SWorldGroup.h">
      <Filter>Networking\Server\Groups</Filter>
    </ClInclude>
    <ClInclude Include="files\Networking\Packets\Data\WorldInfo.h">
      <Filter>Networking\Packets\Data\WORLD</Filter>
    </ClInclude>
    <ClInclude Include="files\Networking\Client\Groups\CWorldGroup.h">
      <Filter>Networking\Client\Groups</Filter>
    </ClInclude>
    <ClInclude Include="files\Networking\Packets\Data\ChangeState.h">
      <Filter>Networking\Packets\Data\CHANGE_STATE</Filter>
    </ClInclude>
    <ClInclude Include="files\Networking\Client\Groups\CStateGroup.h">
      <Filter>Networking\Client\Groups</Filter>
    </ClInclude>
    <ClInclude Include="files\Networking\Server\Events\SStateGroup.h">
      <Filter>Networking\Server\Groups</Filter>
    </ClInclude>
    <ClInclude Include="files\Networking\Shared\NetworkConstants.h">
      <Filter>Networking\Shared</Filter>
    </ClInclude>
    <ClInclude Include="files\Game\World\WorldObject.h">
      <Filter>Game\World</Filter>
    </ClInclude>
    <ClInclude Include="files\Game\World\Entities\Entity.h">
      <Filter>Game\World\Entities</Filter>
    </ClInclude>
    <ClInclude Include="files\Game\World\Entities\Player.h">
      <Filter>Game\World\Entities</Filter>
    </ClInclude>
  </ItemGroup>
  <ItemGroup>
    <None Include="TODO.md">
      <Filter>Source Files</Filter>
    </None>
  </ItemGroup>
  <ItemGroup>
    <Text Include="include\CMakeLists.txt">
      <Filter>Include</Filter>
    </Text>
    <Text Include="files\Assets\cube.obj">
      <Filter>Assets</Filter>
    </Text>
  </ItemGroup>
</Project>